
Microsoft Visual Studio Solution File, Format Version 12.00
# Visual Studio Version 17
VisualStudioVersion = 17.12.35514.174 d17.12
MinimumVisualStudioVersion = 10.0.40219.1
Project("{FAE04EC0-301F-11D3-BF4B-00C04F79EFBC}") = "Console1", "Console1\Console1.csproj", "{2984A704-E72D-44E5-8602-1AAA4FFC784A}"
EndProject
Project("{FAE04EC0-301F-11D3-BF4B-00C04F79EFBC}") = "Console2", "Console2\Console2.csproj", "{945E00B8-94C2-451E-961E-7DE9757B24F6}"
EndProject
Project("{FAE04EC0-301F-11D3-BF4B-00C04F79EFBC}") = "Console3", "Console3\Console3.csproj", "{DC1CFE2F-9AEF-4115-AFD2-DD0BF421A4E3}"
EndProject
Global
	GlobalSection(SolutionConfigurationPlatforms) = preSolution
		Debug|Any CPU = Debug|Any CPU
		Release|Any CPU = Release|Any CPU
	EndGlobalSection
	GlobalSection(ProjectConfigurationPlatforms) = postSolution
		{2984A704-E72D-44E5-8602-1AAA4FFC784A}.Debug|Any CPU.ActiveCfg = Debug|Any CPU
		{2984A704-E72D-44E5-8602-1AAA4FFC784A}.Debug|Any CPU.Build.0 = Debug|Any CPU
		{2984A704-E72D-44E5-8602-1AAA4FFC784A}.Release|Any CPU.ActiveCfg = Release|Any CPU
		{2984A704-E72D-44E5-8602-1AAA4FFC784A}.Release|Any CPU.Build.0 = Release|Any CPU
		{945E00B8-94C2-451E-961E-7DE9757B24F6}.Debug|Any CPU.ActiveCfg = Debug|Any CPU
		{945E00B8-94C2-451E-961E-7DE9757B24F6}.Debug|Any CPU.Build.0 = Debug|Any CPU
		{945E00B8-94C2-451E-961E-7DE9757B24F6}.Release|Any CPU.ActiveCfg = Release|Any CPU
		{945E00B8-94C2-451E-961E-7DE9757B24F6}.Release|Any CPU.Build.0 = Release|Any CPU
		{DC1CFE2F-9AEF-4115-AFD2-DD0BF421A4E3}.Debug|Any CPU.ActiveCfg = Debug|Any CPU
		{DC1CFE2F-9AEF-4115-AFD2-DD0BF421A4E3}.Debug|Any CPU.Build.0 = Debug|Any CPU
		{DC1CFE2F-9AEF-4115-AFD2-DD0BF421A4E3}.Release|Any CPU.ActiveCfg = Release|Any CPU
		{DC1CFE2F-9AEF-4115-AFD2-DD0BF421A4E3}.Release|Any CPU.Build.0 = Release|Any CPU
	EndGlobalSection
	GlobalSection(SolutionProperties) = preSolution
		HideSolutionNode = FALSE
	EndGlobalSection
EndGlobal
