
Microsoft Visual Studio Solution File, Format Version 12.00
# Visual Studio Version 17
VisualStudioVersion = 17.12.35514.174
MinimumVisualStudioVersion = 10.0.40219.1
Project("{FAE04EC0-301F-11D3-BF4B-00C04F79EFBC}") = "ConsoleApp1", "ConsoleApp1\ConsoleApp1.csproj", "{45B98E9B-81C4-4AD9-B656-EAF43686EE1C}"
EndProject
Project("{FAE04EC0-301F-11D3-BF4B-00C04F79EFBC}") = "ConsoleApp2", "ConsoleApp2\ConsoleApp2.csproj", "{AA710C27-13AB-41B2-AFB4-263B218B5A9F}"
EndProject
Project("{FAE04EC0-301F-11D3-BF4B-00C04F79EFBC}") = "ConsoleApp3", "ConsoleApp3\ConsoleApp3.csproj", "{C9246871-7BD3-4B23-A574-0C83235747B9}"
EndProject
Project("{FAE04EC0-301F-11D3-BF4B-00C04F79EFBC}") = "ConsoleApp4", "ConsoleApp4\ConsoleApp4.csproj", "{FC9C0729-A6F9-4D55-9F5D-B30CC6BDA798}"
EndProject
Project("{FAE04EC0-301F-11D3-BF4B-00C04F79EFBC}") = "ConsoleApp5", "ConsoleApp5\ConsoleApp5.csproj", "{76007D99-146C-4579-9FED-8C08ED630C60}"
EndProject
Project("{FAE04EC0-301F-11D3-BF4B-00C04F79EFBC}") = "ConsoleApp6", "ConsoleApp6\ConsoleApp6.csproj", "{4A1D37E9-4633-4930-96A6-F573999089E6}"
EndProject
Project("{FAE04EC0-301F-11D3-BF4B-00C04F79EFBC}") = "ConsoleApp7", "ConsoleApp7\ConsoleApp7.csproj", "{BEDF0A5B-7633-4F44-A1D3-7FE415E1CED7}"
EndProject
Global
	GlobalSection(SolutionConfigurationPlatforms) = preSolution
		Debug|Any CPU = Debug|Any CPU
		Release|Any CPU = Release|Any CPU
	EndGlobalSection
	GlobalSection(ProjectConfigurationPlatforms) = postSolution
		{45B98E9B-81C4-4AD9-B656-EAF43686EE1C}.Debug|Any CPU.ActiveCfg = Debug|Any CPU
		{45B98E9B-81C4-4AD9-B656-EAF43686EE1C}.Debug|Any CPU.Build.0 = Debug|Any CPU
		{45B98E9B-81C4-4AD9-B656-EAF43686EE1C}.Release|Any CPU.ActiveCfg = Release|Any CPU
		{45B98E9B-81C4-4AD9-B656-EAF43686EE1C}.Release|Any CPU.Build.0 = Release|Any CPU
		{AA710C27-13AB-41B2-AFB4-263B218B5A9F}.Debug|Any CPU.ActiveCfg = Debug|Any CPU
		{AA710C27-13AB-41B2-AFB4-263B218B5A9F}.Debug|Any CPU.Build.0 = Debug|Any CPU
		{AA710C27-13AB-41B2-AFB4-263B218B5A9F}.Release|Any CPU.ActiveCfg = Release|Any CPU
		{AA710C27-13AB-41B2-AFB4-263B218B5A9F}.Release|Any CPU.Build.0 = Release|Any CPU
		{C9246871-7BD3-4B23-A574-0C83235747B9}.Debug|Any CPU.ActiveCfg = Debug|Any CPU
		{C9246871-7BD3-4B23-A574-0C83235747B9}.Debug|Any CPU.Build.0 = Debug|Any CPU
		{C9246871-7BD3-4B23-A574-0C83235747B9}.Release|Any CPU.ActiveCfg = Release|Any CPU
		{C9246871-7BD3-4B23-A574-0C83235747B9}.Release|Any CPU.Build.0 = Release|Any CPU
		{FC9C0729-A6F9-4D55-9F5D-B30CC6BDA798}.Debug|Any CPU.ActiveCfg = Debug|Any CPU
		{FC9C0729-A6F9-4D55-9F5D-B30CC6BDA798}.Debug|Any CPU.Build.0 = Debug|Any CPU
		{FC9C0729-A6F9-4D55-9F5D-B30CC6BDA798}.Release|Any CPU.ActiveCfg = Release|Any CPU
		{FC9C0729-A6F9-4D55-9F5D-B30CC6BDA798}.Release|Any CPU.Build.0 = Release|Any CPU
		{76007D99-146C-4579-9FED-8C08ED630C60}.Debug|Any CPU.ActiveCfg = Debug|Any CPU
		{76007D99-146C-4579-9FED-8C08ED630C60}.Debug|Any CPU.Build.0 = Debug|Any CPU
		{76007D99-146C-4579-9FED-8C08ED630C60}.Release|Any CPU.ActiveCfg = Release|Any CPU
		{76007D99-146C-4579-9FED-8C08ED630C60}.Release|Any CPU.Build.0 = Release|Any CPU
		{4A1D37E9-4633-4930-96A6-F573999089E6}.Debug|Any CPU.ActiveCfg = Debug|Any CPU
		{4A1D37E9-4633-4930-96A6-F573999089E6}.Debug|Any CPU.Build.0 = Debug|Any CPU
		{4A1D37E9-4633-4930-96A6-F573999089E6}.Release|Any CPU.ActiveCfg = Release|Any CPU
		{4A1D37E9-4633-4930-96A6-F573999089E6}.Release|Any CPU.Build.0 = Release|Any CPU
		{BEDF0A5B-7633-4F44-A1D3-7FE415E1CED7}.Debug|Any CPU.ActiveCfg = Debug|Any CPU
		{BEDF0A5B-7633-4F44-A1D3-7FE415E1CED7}.Debug|Any CPU.Build.0 = Debug|Any CPU
		{BEDF0A5B-7633-4F44-A1D3-7FE415E1CED7}.Release|Any CPU.ActiveCfg = Release|Any CPU
		{BEDF0A5B-7633-4F44-A1D3-7FE415E1CED7}.Release|Any CPU.Build.0 = Release|Any CPU
	EndGlobalSection
	GlobalSection(SolutionProperties) = preSolution
		HideSolutionNode = FALSE
	EndGlobalSection
EndGlobal
